PODS:
  - SnapKit (5.6.0)
  - SwiftLint (0.53.0)

DEPENDENCIES:
  - SnapKit (~> 5.6.0)
  - SwiftLint

SPEC REPOS:
  trunk:
    - SnapKit
    - SwiftLint

SPEC CHECKSUMS:
  SnapKit: e01d52ebb8ddbc333eefe2132acf85c8227d9c25
  SwiftLint: 5ce4d6a8ff83f1b5fd5ad5dbf30965d35af65e44

PODFILE CHECKSUM: 0a9e66bfa0b4f52bead855fad2c9729a1fb498c6

COCOAPODS: 1.12.1
